
Microsoft Visual Studio Solution File, Format Version 12.00
# Visual Studio 2013
VisualStudioVersion = 12.0.21005.1
MinimumVisualStudioVersion = 10.0.40219.1
Project("{FAE04EC0-301F-11D3-BF4B-00C04F79EFBC}") = "ACM.BL", "ACM.BL\ACM.BL.csproj", "{0311BDCC-94B2-41CF-B322-AE91924CCE8B}"
EndProject
Project("{2150E333-8FDC-42A3-9474-1A3956D46DE8}") = "Tests", "Tests", "{5E255E20-7B9F-470E-AE53-8676FBA1DCF9}"
EndProject
Project("{FAE04EC0-301F-11D3-BF4B-00C04F79EFBC}") = "ACM.BLTest", "ACM.BLTest\ACM.BLTest.csproj", "{2EA6B30B-7FA8-4069-9826-C4793CDFFD68}"
EndProject
Global
	GlobalSection(SolutionConfigurationPlatforms) = preSolution
		Debug|Any CPU = Debug|Any CPU
		Release|Any CPU = Release|Any CPU
	EndGlobalSection
	GlobalSection(ProjectConfigurationPlatforms) = postSolution
		{0311BDCC-94B2-41CF-B322-AE91924CCE8B}.Debug|Any CPU.ActiveCfg = Debug|Any CPU
		{0311BDCC-94B2-41CF-B322-AE91924CCE8B}.Debug|Any CPU.Build.0 = Debug|Any CPU
		{0311BDCC-94B2-41CF-B322-AE91924CCE8B}.Release|Any CPU.ActiveCfg = Release|Any CPU
		{0311BDCC-94B2-41CF-B322-AE91924CCE8B}.Release|Any CPU.Build.0 = Release|Any CPU
		{2EA6B30B-7FA8-4069-9826-C4793CDFFD68}.Debug|Any CPU.ActiveCfg = Debug|Any CPU
		{2EA6B30B-7FA8-4069-9826-C4793CDFFD68}.Debug|Any CPU.Build.0 = Debug|Any CPU
		{2EA6B30B-7FA8-4069-9826-C4793CDFFD68}.Release|Any CPU.ActiveCfg = Release|Any CPU
		{2EA6B30B-7FA8-4069-9826-C4793CDFFD68}.Release|Any CPU.Build.0 = Release|Any CPU
	EndGlobalSection
	GlobalSection(SolutionProperties) = preSolution
		HideSolutionNode = FALSE
	EndGlobalSection
	GlobalSection(NestedProjects) = preSolution
		{2EA6B30B-7FA8-4069-9826-C4793CDFFD68} = {5E255E20-7B9F-470E-AE53-8676FBA1DCF9}
	EndGlobalSection
EndGlobal
